
Microsoft Visual Studio Solution File, Format Version 12.00
# Visual Studio Version 17
VisualStudioVersion = 17.3.32804.467
MinimumVisualStudioVersion = 10.0.40219.1
Project("{FAE04EC0-301F-11D3-BF4B-00C04F79EFBC}") = "SVG", "SVG\SVG.csproj", "{AA0CA68B-E7C6-4AA2-A439-CF3E7C161D41}"
EndProject
Project("{FAE04EC0-301F-11D3-BF4B-00C04F79EFBC}") = "ITextPDF", "ITextPDF\ITextPDF.csproj", "{7328A294-5788-4637-9C9D-B4D4FF76A401}"
EndProject
Project("{FAE04EC0-301F-11D3-BF4B-00C04F79EFBC}") = "ITextPdf2SVG", "ITextPdf2SVG\ITextPdf2SVG.csproj", "{AD7D36FB-BCD0-4189-80E2-A01100FDA84B}"
EndProject
Project("{FAE04EC0-301F-11D3-BF4B-00C04F79EFBC}") = "Viewer", "Viewer\Viewer.csproj", "{2EBEDB03-F49A-4816-ABFA-6EC60B4E2E25}"
	ProjectSection(ProjectDependencies) = postProject
		{0300B6F7-6654-45EB-B62C-070AB4B43E7E} = {0300B6F7-6654-45EB-B62C-070AB4B43E7E}
	EndProjectSection
EndProject
Project("{FAE04EC0-301F-11D3-BF4B-00C04F79EFBC}") = "Zlib", "Zlib\Zlib.csproj", "{0300B6F7-6654-45EB-B62C-070AB4B43E7E}"
EndProject
Global
	GlobalSection(SolutionConfigurationPlatforms) = preSolution
		Debug|Any CPU = Debug|Any CPU
		Debug|x64 = Debug|x64
		Release|Any CPU = Release|Any CPU
		Release|x64 = Release|x64
	EndGlobalSection
	GlobalSection(ProjectConfigurationPlatforms) = postSolution
		{AA0CA68B-E7C6-4AA2-A439-CF3E7C161D41}.Debug|Any CPU.ActiveCfg = Debug|Any CPU
		{AA0CA68B-E7C6-4AA2-A439-CF3E7C161D41}.Debug|Any CPU.Build.0 = Debug|Any CPU
		{AA0CA68B-E7C6-4AA2-A439-CF3E7C161D41}.Debug|x64.ActiveCfg = Debug|Any CPU
		{AA0CA68B-E7C6-4AA2-A439-CF3E7C161D41}.Debug|x64.Build.0 = Debug|Any CPU
		{AA0CA68B-E7C6-4AA2-A439-CF3E7C161D41}.Release|Any CPU.ActiveCfg = Release|Any CPU
		{AA0CA68B-E7C6-4AA2-A439-CF3E7C161D41}.Release|Any CPU.Build.0 = Release|Any CPU
		{AA0CA68B-E7C6-4AA2-A439-CF3E7C161D41}.Release|x64.ActiveCfg = Release|Any CPU
		{AA0CA68B-E7C6-4AA2-A439-CF3E7C161D41}.Release|x64.Build.0 = Release|Any CPU
		{7328A294-5788-4637-9C9D-B4D4FF76A401}.Debug|Any CPU.ActiveCfg = Debug|Any CPU
		{7328A294-5788-4637-9C9D-B4D4FF76A401}.Debug|Any CPU.Build.0 = Debug|Any CPU
		{7328A294-5788-4637-9C9D-B4D4FF76A401}.Debug|x64.ActiveCfg = Debug|Any CPU
		{7328A294-5788-4637-9C9D-B4D4FF76A401}.Debug|x64.Build.0 = Debug|Any CPU
		{7328A294-5788-4637-9C9D-B4D4FF76A401}.Release|Any CPU.ActiveCfg = Release|Any CPU
		{7328A294-5788-4637-9C9D-B4D4FF76A401}.Release|Any CPU.Build.0 = Release|Any CPU
		{7328A294-5788-4637-9C9D-B4D4FF76A401}.Release|x64.ActiveCfg = Release|Any CPU
		{7328A294-5788-4637-9C9D-B4D4FF76A401}.Release|x64.Build.0 = Release|Any CPU
		{AD7D36FB-BCD0-4189-80E2-A01100FDA84B}.Debug|Any CPU.ActiveCfg = Debug|Any CPU
		{AD7D36FB-BCD0-4189-80E2-A01100FDA84B}.Debug|Any CPU.Build.0 = Debug|Any CPU
		{AD7D36FB-BCD0-4189-80E2-A01100FDA84B}.Debug|x64.ActiveCfg = Debug|Any CPU
		{AD7D36FB-BCD0-4189-80E2-A01100FDA84B}.Debug|x64.Build.0 = Debug|Any CPU
		{AD7D36FB-BCD0-4189-80E2-A01100FDA84B}.Release|Any CPU.ActiveCfg = Release|Any CPU
		{AD7D36FB-BCD0-4189-80E2-A01100FDA84B}.Release|Any CPU.Build.0 = Release|Any CPU
		{AD7D36FB-BCD0-4189-80E2-A01100FDA84B}.Release|x64.ActiveCfg = Release|Any CPU
		{AD7D36FB-BCD0-4189-80E2-A01100FDA84B}.Release|x64.Build.0 = Release|Any CPU
		{2EBEDB03-F49A-4816-ABFA-6EC60B4E2E25}.Debug|Any CPU.ActiveCfg = Debug|Any CPU
		{2EBEDB03-F49A-4816-ABFA-6EC60B4E2E25}.Debug|Any CPU.Build.0 = Debug|Any CPU
		{2EBEDB03-F49A-4816-ABFA-6EC60B4E2E25}.Debug|x64.ActiveCfg = Debug|Any CPU
		{2EBEDB03-F49A-4816-ABFA-6EC60B4E2E25}.Debug|x64.Build.0 = Debug|Any CPU
		{2EBEDB03-F49A-4816-ABFA-6EC60B4E2E25}.Release|Any CPU.ActiveCfg = Release|Any CPU
		{2EBEDB03-F49A-4816-ABFA-6EC60B4E2E25}.Release|Any CPU.Build.0 = Release|Any CPU
		{2EBEDB03-F49A-4816-ABFA-6EC60B4E2E25}.Release|x64.ActiveCfg = Release|Any CPU
		{2EBEDB03-F49A-4816-ABFA-6EC60B4E2E25}.Release|x64.Build.0 = Release|Any CPU
		{0300B6F7-6654-45EB-B62C-070AB4B43E7E}.Debug|Any CPU.ActiveCfg = Debug|Any CPU
		{0300B6F7-6654-45EB-B62C-070AB4B43E7E}.Debug|Any CPU.Build.0 = Debug|Any CPU
		{0300B6F7-6654-45EB-B62C-070AB4B43E7E}.Debug|x64.ActiveCfg = Debug|Any CPU
		{0300B6F7-6654-45EB-B62C-070AB4B43E7E}.Debug|x64.Build.0 = Debug|Any CPU
		{0300B6F7-6654-45EB-B62C-070AB4B43E7E}.Release|Any CPU.ActiveCfg = Release|Any CPU
		{0300B6F7-6654-45EB-B62C-070AB4B43E7E}.Release|Any CPU.Build.0 = Release|Any CPU
		{0300B6F7-6654-45EB-B62C-070AB4B43E7E}.Release|x64.ActiveCfg = Release|Any CPU
		{0300B6F7-6654-45EB-B62C-070AB4B43E7E}.Release|x64.Build.0 = Release|Any CPU
	EndGlobalSection
	GlobalSection(SolutionProperties) = preSolution
		HideSolutionNode = FALSE
	EndGlobalSection
	GlobalSection(ExtensibilityGlobals) = postSolution
		SolutionGuid = {68B02570-6863-430B-9D3B-48FC950FBE1B}
	EndGlobalSection
EndGlobal
