
Microsoft Visual Studio Solution File, Format Version 12.00
# Visual Studio Version 17
VisualStudioVersion = 17.3.32804.467
MinimumVisualStudioVersion = 10.0.40219.1
Project("{9A19103F-16F7-4668-BE54-9A1E7A4F7556}") = "PdfToSvg", "PdfToSvg.csproj", "{9D00D9C4-2A9C-4A04-B3AB-975F67433E40}"
EndProject
Project("{9A19103F-16F7-4668-BE54-9A1E7A4F7556}") = "Zlib", "..\Zlib\Zlib.csproj", "{AE4994A5-37F7-46CA-A61E-FD7C739CD72D}"
EndProject
Project("{9A19103F-16F7-4668-BE54-9A1E7A4F7556}") = "ITextPdf2SVG", "..\ITextPdf2SVG\ITextPdf2SVG.csproj", "{CAD34AC1-F0C6-40CC-8D62-F510BEBB9011}"
EndProject
Project("{9A19103F-16F7-4668-BE54-9A1E7A4F7556}") = "ITextPDF", "..\ITextPDF\ITextPDF.csproj", "{A0A285CC-8172-4C4C-A586-75AC04AF5A56}"
EndProject
Project("{9A19103F-16F7-4668-BE54-9A1E7A4F7556}") = "SVG", "..\SVG\SVG.csproj", "{8AD98E91-31C0-4F11-BC00-79F139C4EF13}"
EndProject
Project("{FAE04EC0-301F-11D3-BF4B-00C04F79EFBC}") = "PdfToSvgWebApplication", "..\PdfToSvgWebApplication\PdfToSvgWebApplication.csproj", "{BC965B40-D90D-4038-BB69-DD475EC1F53F}"
EndProject
Global
	GlobalSection(SolutionConfigurationPlatforms) = preSolution
		Debug|Any CPU = Debug|Any CPU
		Release|Any CPU = Release|Any CPU
	EndGlobalSection
	GlobalSection(ProjectConfigurationPlatforms) = postSolution
		{9D00D9C4-2A9C-4A04-B3AB-975F67433E40}.Debug|Any CPU.ActiveCfg = Debug|Any CPU
		{9D00D9C4-2A9C-4A04-B3AB-975F67433E40}.Debug|Any CPU.Build.0 = Debug|Any CPU
		{9D00D9C4-2A9C-4A04-B3AB-975F67433E40}.Release|Any CPU.ActiveCfg = Release|Any CPU
		{9D00D9C4-2A9C-4A04-B3AB-975F67433E40}.Release|Any CPU.Build.0 = Release|Any CPU
		{AE4994A5-37F7-46CA-A61E-FD7C739CD72D}.Debug|Any CPU.ActiveCfg = Debug|Any CPU
		{AE4994A5-37F7-46CA-A61E-FD7C739CD72D}.Debug|Any CPU.Build.0 = Debug|Any CPU
		{AE4994A5-37F7-46CA-A61E-FD7C739CD72D}.Release|Any CPU.ActiveCfg = Release|Any CPU
		{AE4994A5-37F7-46CA-A61E-FD7C739CD72D}.Release|Any CPU.Build.0 = Release|Any CPU
		{CAD34AC1-F0C6-40CC-8D62-F510BEBB9011}.Debug|Any CPU.ActiveCfg = Debug|Any CPU
		{CAD34AC1-F0C6-40CC-8D62-F510BEBB9011}.Debug|Any CPU.Build.0 = Debug|Any CPU
		{CAD34AC1-F0C6-40CC-8D62-F510BEBB9011}.Release|Any CPU.ActiveCfg = Release|Any CPU
		{CAD34AC1-F0C6-40CC-8D62-F510BEBB9011}.Release|Any CPU.Build.0 = Release|Any CPU
		{A0A285CC-8172-4C4C-A586-75AC04AF5A56}.Debug|Any CPU.ActiveCfg = Debug|Any CPU
		{A0A285CC-8172-4C4C-A586-75AC04AF5A56}.Debug|Any CPU.Build.0 = Debug|Any CPU
		{A0A285CC-8172-4C4C-A586-75AC04AF5A56}.Release|Any CPU.ActiveCfg = Release|Any CPU
		{A0A285CC-8172-4C4C-A586-75AC04AF5A56}.Release|Any CPU.Build.0 = Release|Any CPU
		{8AD98E91-31C0-4F11-BC00-79F139C4EF13}.Debug|Any CPU.ActiveCfg = Debug|Any CPU
		{8AD98E91-31C0-4F11-BC00-79F139C4EF13}.Debug|Any CPU.Build.0 = Debug|Any CPU
		{8AD98E91-31C0-4F11-BC00-79F139C4EF13}.Release|Any CPU.ActiveCfg = Release|Any CPU
		{8AD98E91-31C0-4F11-BC00-79F139C4EF13}.Release|Any CPU.Build.0 = Release|Any CPU
		{BC965B40-D90D-4038-BB69-DD475EC1F53F}.Debug|Any CPU.ActiveCfg = Debug|Any CPU
		{BC965B40-D90D-4038-BB69-DD475EC1F53F}.Debug|Any CPU.Build.0 = Debug|Any CPU
		{BC965B40-D90D-4038-BB69-DD475EC1F53F}.Release|Any CPU.ActiveCfg = Release|Any CPU
		{BC965B40-D90D-4038-BB69-DD475EC1F53F}.Release|Any CPU.Build.0 = Release|Any CPU
	EndGlobalSection
	GlobalSection(SolutionProperties) = preSolution
		HideSolutionNode = FALSE
	EndGlobalSection
	GlobalSection(ExtensibilityGlobals) = postSolution
		SolutionGuid = {02C0418A-54A9-458A-8253-0760FAE20B5D}
	EndGlobalSection
EndGlobal
